<?xml version="1.0" encoding="utf-8"?>
<Project ToolsVersion="4.0" xmlns="http://schemas.microsoft.com/developer/msbuild/2003">
  <ItemGroup>
    <ClInclude Include="homework.h" />
    <ClInclude Include="stdafx.h" />
    <ClInclude Include="output\ioutput.h">
      <Filter>output</Filter>
    </ClInclude>
    <ClInclude Include="output\console.h">
      <Filter>output</Filter>
    </ClInclude>
    <ClInclude Include="base\error.h">
      <Filter>base</Filter>
    </ClInclude>
    <ClInclude Include="base\types.h">
      <Filter>base</Filter>
    </ClInclude>
    <ClInclude Include="art\drawer.h">
      <Filter>art</Filter>
    </ClInclude>
    <ClInclude Include="asciiart\dictionaryobject.h">
      <Filter>asciiart</Filter>
    </ClInclude>
    <ClInclude Include="asciiart\document.h">
      <Filter>asciiart</Filter>
    </ClInclude>
    <ClInclude Include="asciiart\documentdrawer.h">
      <Filter>asciiart</Filter>
    </ClInclude>
    <ClInclude Include="asciiart\docobject.h">
      <Filter>asciiart</Filter>
    </ClInclude>
    <ClInclude Include="animation\animation.h">
      <Filter>animation</Filter>
    </ClInclude>
    <ClInclude Include="base\coord.h">
      <Filter>base</Filter>
    </ClInclude>
  </ItemGroup>
  <ItemGroup>
    <ClCompile Include="stdafx.cpp" />
    <ClCompile Include="homework.cpp" />
    <ClCompile Include="output\console.cpp">
      <Filter>output</Filter>
    </ClCompile>
    <ClCompile Include="base\error.cpp">
      <Filter>base</Filter>
    </ClCompile>
    <ClCompile Include="art\drawer.cpp">
      <Filter>art</Filter>
    </ClCompile>
    <ClCompile Include="asciiart\dictionaryobject.cpp">
      <Filter>asciiart</Filter>
    </ClCompile>
    <ClCompile Include="asciiart\document.cpp">
      <Filter>asciiart</Filter>
    </ClCompile>
    <ClCompile Include="asciiart\documentdrawer.cpp">
      <Filter>asciiart</Filter>
    </ClCompile>
    <ClCompile Include="asciiart\docobject.cpp">
      <Filter>asciiart</Filter>
    </ClCompile>
    <ClCompile Include="animation\animation.cpp">
      <Filter>animation</Filter>
    </ClCompile>
  </ItemGroup>
  <ItemGroup>
    <Filter Include="output">
      <UniqueIdentifier>{091d1739-a6e7-47b1-a91e-83f604dfdf04}</UniqueIdentifier>
    </Filter>
    <Filter Include="base">
      <UniqueIdentifier>{45c7b171-4848-445a-875d-46ef677e598f}</UniqueIdentifier>
    </Filter>
    <Filter Include="art">
      <UniqueIdentifier>{0f4037fe-fa4e-4459-b4ba-999f1a69231b}</UniqueIdentifier>
    </Filter>
    <Filter Include="asciiart">
      <UniqueIdentifier>{223d35f0-7460-4434-b69e-3bf5fddec2bf}</UniqueIdentifier>
    </Filter>
    <Filter Include="animation">
      <UniqueIdentifier>{c5c5ad50-0c0d-4436-a328-1932839441dd}</UniqueIdentifier>
    </Filter>
  </ItemGroup>
</Project>